// !$*UTF8*$!
{
	archiveVersion = 1;
	classes = {
	};
	objectVersion = 46;
	objects = {

/* Begin PBXBuildFile section */
		9C630DF98B71998CB1E2EF27 /* Pods_Twitter.framework in Frameworks */ = {isa = PBXBuildFile; fileRef = 1DEBA9AD20A621836EE87939 /* Pods_Twitter.framework */; };
		E47859B21C698617005A3E1A /* TwitterClient.swift in Sources */ = {isa = PBXBuildFile; fileRef = E47859B11C698617005A3E1A /* TwitterClient.swift */; };
		E4EF13151C69839900128E10 /* AppDelegate.swift in Sources */ = {isa = PBXBuildFile; fileRef = E4EF13141C69839900128E10 /* AppDelegate.swift */; };
		E4EF13171C69839900128E10 /* ViewController.swift in Sources */ = {isa = PBXBuildFile; fileRef = E4EF13161C69839900128E10 /* ViewController.swift */; };
		E4EF131A1C69839900128E10 /* Main.storyboard in Resources */ = {isa = PBXBuildFile; fileRef = E4EF13181C69839900128E10 /* Main.storyboard */; };
		E4EF131C1C69839A00128E10 /* Assets.xcassets in Resources */ = {isa = PBXBuildFile; fileRef = E4EF131B1C69839A00128E10 /* Assets.xcassets */; };
		E4EF131F1C69839A00128E10 /* LaunchScreen.storyboard in Resources */ = {isa = PBXBuildFile; fileRef = E4EF131D1C69839A00128E10 /* LaunchScreen.storyboard */; };
/* End PBXBuildFile section */

/* Begin PBXFileReference section */
		1DEBA9AD20A621836EE87939 /* Pods_Twitter.framework */ = {isa = PBXFileReference; explicitFileType = wrapper.framework; includeInIndex = 0; path = Pods_Twitter.framework; sourceTree = BUILT_PRODUCTS_DIR; };
		829A8DEF58778077DB815553 /* Pods-Twitter.debug.xcconfig */ = {isa = PBXFileReference; includeInIndex = 1; lastKnownFileType = text.xcconfig; name = "Pods-Twitter.debug.xcconfig"; path = "Pods/Target Support Files/Pods-Twitter/Pods-Twitter.debug.xcconfig"; sourceTree = "<group>"; };
		DEFA21B344D850A888ABDA9D /* Pods-Twitter.release.xcconfig */ = {isa = PBXFileReference; includeInIndex = 1; lastKnownFileType = text.xcconfig; name = "Pods-Twitter.release.xcconfig"; path = "Pods/Target Support Files/Pods-Twitter/Pods-Twitter.release.xcconfig"; sourceTree = "<group>"; };
		E47859B11C698617005A3E1A /* TwitterClient.swift */ = {isa = PBXFileReference; fileEncoding = 4; lastKnownFileType = sourcecode.swift; path = TwitterClient.swift; sourceTree = "<group>"; };
		E4EF13111C69839900128E10 /* Twitter.app */ = {isa = PBXFileReference; explicitFileType = wrapper.application; includeInIndex = 0; path = Twitter.app; sourceTree = BUILT_PRODUCTS_DIR; };
		E4EF13141C69839900128E10 /* AppDelegate.swift */ = {isa = PBXFileReference; lastKnownFileType = sourcecode.swift; path = AppDelegate.swift; sourceTree = "<group>"; };
		E4EF13161C69839900128E10 /* ViewController.swift */ = {isa = PBXFileReference; lastKnownFileType = sourcecode.swift; path = ViewController.swift; sourceTree = "<group>"; };
		E4EF13191C69839900128E10 /* Base */ = {isa = PBXFileReference; lastKnownFileType = file.storyboard; name = Base; path = Base.lproj/Main.storyboard; sourceTree = "<group>"; };
		E4EF131B1C69839A00128E10 /* Assets.xcassets */ = {isa = PBXFileReference; lastKnownFileType = folder.assetcatalog; path = Assets.xcassets; sourceTree = "<group>"; };
		E4EF131E1C69839A00128E10 /* Base */ = {isa = PBXFileReference; lastKnownFileType = file.storyboard; name = Base; path = Base.lproj/LaunchScreen.storyboard; sourceTree = "<group>"; };
		E4EF13201C69839A00128E10 /* Info.plist */ = {isa = PBXFileReference; lastKnownFileType = text.plist.xml; path = Info.plist; sourceTree = "<group>"; };
/* End PBXFileReference section */

/* Begin PBXFrameworksBuildPhase section */
		E4EF130E1C69839900128E10 /* Frameworks */ = {
			isa = PBXFrameworksBuildPhase;
			buildActionMask = 2147483647;
			files = (
				9C630DF98B71998CB1E2EF27 /* Pods_Twitter.framework in Frameworks */,
			);
			runOnlyForDeploymentPostprocessing = 0;
		};
/* End PBXFrameworksBuildPhase section */

/* Begin PBXGroup section */
		ADE1B7E706948E1123B427DE /* Pods */ = {
			isa = PBXGroup;
			children = (
				829A8DEF58778077DB815553 /* Pods-Twitter.debug.xcconfig */,
				DEFA21B344D850A888ABDA9D /* Pods-Twitter.release.xcconfig */,
			);
			name = Pods;
			sourceTree = "<group>";
		};
		C081AF6B8DA702D172800654 /* Frameworks */ = {
			isa = PBXGroup;
			children = (
				1DEBA9AD20A621836EE87939 /* Pods_Twitter.framework */,
			);
			name = Frameworks;
			sourceTree = "<group>";
		};
		E47859B01C698609005A3E1A /* API */ = {
			isa = PBXGroup;
			children = (
				E47859B11C698617005A3E1A /* TwitterClient.swift */,
			);
			name = API;
			sourceTree = "<group>";
		};
		E4EF13081C69839900128E10 = {
			isa = PBXGroup;
			children = (
				E4EF13131C69839900128E10 /* Twitter */,
				E4EF13121C69839900128E10 /* Products */,
				ADE1B7E706948E1123B427DE /* Pods */,
				C081AF6B8DA702D172800654 /* Frameworks */,
			);
			sourceTree = "<group>";
		};
		E4EF13121C69839900128E10 /* Products */ = {
			isa = PBXGroup;
			children = (
				E4EF13111C69839900128E10 /* Twitter.app */,
			);
			name = Products;
			sourceTree = "<group>";
		};
		E4EF13131C69839900128E10 /* Twitter */ = {
			isa = PBXGroup;
			children = (
				E47859B01C698609005A3E1A /* API */,
				E4EF13141C69839900128E10 /* AppDelegate.swift */,
				E4EF13161C69839900128E10 /* ViewController.swift */,
				E4EF13181C69839900128E10 /* Main.storyboard */,
				E4EF131B1C69839A00128E10 /* Assets.xcassets */,
				E4EF131D1C69839A00128E10 /* LaunchScreen.storyboard */,
				E4EF13201C69839A00128E10 /* Info.plist */,
			);
			path = Twitter;
			sourceTree = "<group>";
		};
/* End PBXGroup section */

/* Begin PBXNativeTarget section */
		E4EF13101C69839900128E10 /* Twitter */ = {
			isa = PBXNativeTarget;
			buildConfigurationList = E4EF13231C69839A00128E10 /* Build configuration list for PBXNativeTarget "Twitter" */;
			buildPhases = (
				9857C51D9D8E084E6C2A7C9F /* Check Pods Manifest.lock */,
				E4EF130D1C69839900128E10 /* Sources */,
				E4EF130E1C69839900128E10 /* Frameworks */,
				E4EF130F1C69839900128E10 /* Resources */,
				CC9442913A4B91A6160FC0F7 /* Embed Pods Frameworks */,
				88A1EE67E13C26CB6E6D34E3 /* Copy Pods Resources */,
			);
			buildRules = (
			);
			dependencies = (
			);
			name = Twitter;
			productName = Twitter;
			productReference = E4EF13111C69839900128E10 /* Twitter.app */;
			productType = "com.apple.product-type.application";
		};
/* End PBXNativeTarget section */

/* Begin PBXProject section */
		E4EF13091C69839900128E10 /* Project object */ = {
			isa = PBXProject;
			attributes = {
				LastSwiftUpdateCheck = 0720;
				LastUpgradeCheck = 0720;
				ORGANIZATIONNAME = brianlee;
				TargetAttributes = {
					E4EF13101C69839900128E10 = {
						CreatedOnToolsVersion = 7.2;
						DevelopmentTeam = JR7KR2K28B;
					};
				};
			};
			buildConfigurationList = E4EF130C1C69839900128E10 /* Build configuration list for PBXProject "Twitter" */;
			compatibilityVersion = "Xcode 3.2";
			developmentRegion = English;
			hasScannedForEncodings = 0;
			knownRegions = (
				en,
				Base,
			);
			mainGroup = E4EF13081C69839900128E10;
			productRefGroup = E4EF13121C69839900128E10 /* Products */;
			projectDirPath = "";
			projectRoot = "";
			targets = (
				E4EF13101C69839900128E10 /* Twitter */,
			);
		};
/* End PBXProject section */

/* Begin PBXResourcesBuildPhase section */
		E4EF130F1C69839900128E10 /* Resources */ = {
			isa = PBXResourcesBuildPhase;
			buildActionMask = 2147483647;
			files = (
				E4EF131F1C69839A00128E10 /* LaunchScreen.storyboard in Resources */,
				E4EF131C1C69839A00128E10 /* Assets.xcassets in Resources */,
				E4EF131A1C69839900128E10 /* Main.storyboard in Resources */,
			);
			runOnlyForDeploymentPostprocessing = 0;
		};
/* End PBXResourcesBuildPhase section */

/* Begin PBXShellScriptBuildPhase section */
		88A1EE67E13C26CB6E6D34E3 /* Copy Pods Resources */ = {
			isa = PBXShellScriptBuildPhase;
			buildActionMask = 2147483647;
			files = (
			);
			inputPaths = (
			);
			name = "Copy Pods Resources";
			outputPaths = (
			);
			runOnlyForDeploymentPostprocessing = 0;
			shellPath = /bin/sh;
			shellScript = "\"${SRCROOT}/Pods/Target Support Files/Pods-Twitter/Pods-Twitter-resources.sh\"\n";
			showEnvVarsInLog = 0;
		};
		9857C51D9D8E084E6C2A7C9F /* Check Pods Manifest.lock */ = {
			isa = PBXShellScriptBuildPhase;
			buildActionMask = 2147483647;
			files = (
			);
			inputPaths = (
			);
			name = "Check Pods Manifest.lock";
			outputPaths = (
			);
			runOnlyForDeploymentPostprocessing = 0;
			shellPath = /bin/sh;
			shellScript = "diff \"${PODS_ROOT}/../Podfile.lock\" \"${PODS_ROOT}/Manifest.lock\" > /dev/null\nif [[ $? != 0 ]] ; then\n    cat << EOM\nerror: The sandbox is not in sync with the Podfile.lock. Run 'pod install' or update your CocoaPods installation.\nEOM\n    exit 1\nfi\n";
			showEnvVarsInLog = 0;
		};
		CC9442913A4B91A6160FC0F7 /* Embed Pods Frameworks */ = {
			isa = PBXShellScriptBuildPhase;
			buildActionMask = 2147483647;
			files = (
			);
			inputPaths = (
			);
			name = "Embed Pods Frameworks";
			outputPaths = (
			);
			runOnlyForDeploymentPostprocessing = 0;
			shellPath = /bin/sh;
			shellScript = "\"${SRCROOT}/Pods/Target Support Files/Pods-Twitter/Pods-Twitter-frameworks.sh\"\n";
			showEnvVarsInLog = 0;
		};
/* End PBXShellScriptBuildPhase section */

/* Begin PBXSourcesBuildPhase section */
		E4EF130D1C69839900128E10 /* Sources */ = {
			isa = PBXSourcesBuildPhase;
			buildActionMask = 2147483647;
			files = (
				E4EF13171C69839900128E10 /* ViewController.swift in Sources */,
				E47859B21C698617005A3E1A /* TwitterClient.swift in Sources */,
				E4EF13151C69839900128E10 /* AppDelegate.swift in Sources */,
			);
			runOnlyForDeploymentPostprocessing = 0;
		};
/* End PBXSourcesBuildPhase section */

/* Begin PBXVariantGroup section */
		E4EF13181C69839900128E10 /* Main.storyboard */ = {
			isa = PBXVariantGroup;
			children = (
				E4EF13191C69839900128E10 /* Base */,
			);
			name = Main.storyboard;
			sourceTree = "<group>";
		};
		E4EF131D1C69839A00128E10 /* LaunchScreen.storyboard */ = {
			isa = PBXVariantGroup;
			children = (
				E4EF131E1C69839A00128E10 /* Base */,
			);
			name = LaunchScreen.storyboard;
			sourceTree = "<group>";
		};
/* End PBXVariantGroup section */

/* Begin XCBuildConfiguration section */
		E4EF13211C69839A00128E10 /* Debug */ = {
			isa = XCBuildConfiguration;
			buildSettings = {
				ALWAYS_SEARCH_USER_PATHS = NO;
				CLANG_CXX_LANGUAGE_STANDARD = "gnu++0x";
				CLANG_CXX_LIBRARY = "libc++";
				CLANG_ENABLE_MODULES = YES;
				CLANG_ENABLE_OBJC_ARC = YES;
				CLANG_WARN_BOOL_CONVERSION = YES;
				CLANG_WARN_CONSTANT_CONVERSION = YES;
				CLANG_WARN_DIRECT_OBJC_ISA_USAGE = YES_ERROR;
				CLANG_WARN_EMPTY_BODY = YES;
				CLANG_WARN_ENUM_CONVERSION = YES;
				CLANG_WARN_INT_CONVERSION = YES;
				CLANG_WARN_OBJC_ROOT_CLASS = YES_ERROR;
				CLANG_WARN_UNREACHABLE_CODE = YES;
				CLANG_WARN__DUPLICATE_METHOD_MATCH = YES;
				"CODE_SIGN_IDENTITY[sdk=iphoneos*]" = "iPhone Developer";
				COPY_PHASE_STRIP = NO;
				DEBUG_INFORMATION_FORMAT = dwarf;
				ENABLE_STRICT_OBJC_MSGSEND = YES;
				ENABLE_TESTABILITY = YES;
				GCC_C_LANGUAGE_STANDARD = gnu99;
				GCC_DYNAMIC_NO_PIC = NO;
				GCC_NO_COMMON_BLOCKS = YES;
				GCC_OPTIMIZATION_LEVEL = 0;
				GCC_PREPROCESSOR_DEFINITIONS = (
					"DEBUG=1",
					"$(inherited)",
				);
				GCC_WARN_64_TO_32_BIT_CONVERSION = YES;
				GCC_WARN_ABOUT_RETURN_TYPE = YES_ERROR;
				GCC_WARN_UNDECLARED_SELECTOR = YES;
				GCC_WARN_UNINITIALIZED_AUTOS = YES_AGGRESSIVE;
				GCC_WARN_UNUSED_FUNCTION = YES;
				GCC_WARN_UNUSED_VARIABLE = YES;
				IPHONEOS_DEPLOYMENT_TARGET = 9.2;
				MTL_ENABLE_DEBUG_INFO = YES;
				ONLY_ACTIVE_ARCH = YES;
				SDKROOT = iphoneos;
				SWIFT_OPTIMIZATION_LEVEL = "-Onone";
			};
			name = Debug;
		};
		E4EF13221C69839A00128E10 /* Release */ = {
			isa = XCBuildConfiguration;
			buildSettings = {
				ALWAYS_SEARCH_USER_PATHS = NO;
				CLANG_CXX_LANGUAGE_STANDARD = "gnu++0x";
				CLANG_CXX_LIBRARY = "libc++";
				CLANG_ENABLE_MODULES = YES;
				CLANG_ENABLE_OBJC_ARC = YES;
				CLANG_WARN_BOOL_CONVERSION = YES;
				CLANG_WARN_CONSTANT_CONVERSION = YES;
				CLANG_WARN_DIRECT_OBJC_ISA_USAGE = YES_ERROR;
				CLANG_WARN_EMPTY_BODY = YES;
				CLANG_WARN_ENUM_CONVERSION = YES;
				CLANG_WARN_INT_CONVERSION = YES;
				CLANG_WARN_OBJC_ROOT_CLASS = YES_ERROR;
				CLANG_WARN_UNREACHABLE_CODE = YES;
				CLANG_WARN__DUPLICATE_METHOD_MATCH = YES;
				"CODE_SIGN_IDENTITY[sdk=iphoneos*]" = "iPhone Developer";
				COPY_PHASE_STRIP = NO;
				DEBUG_INFORMATION_FORMAT = "dwarf-with-dsym";
				ENABLE_NS_ASSERTIONS = NO;
				ENABLE_STRICT_OBJC_MSGSEND = YES;
				GCC_C_LANGUAGE_STANDARD = gnu99;
				GCC_NO_COMMON_BLOCKS = YES;
				GCC_WARN_64_TO_32_BIT_CONVERSION = YES;
				GCC_WARN_ABOUT_RETURN_TYPE = YES_ERROR;
				GCC_WARN_UNDECLARED_SELECTOR = YES;
				GCC_WARN_UNINITIALIZED_AUTOS = YES_AGGRESSIVE;
				GCC_WARN_UNUSED_FUNCTION = YES;
				GCC_WARN_UNUSED_VARIABLE = YES;
				IPHONEOS_DEPLOYMENT_TARGET = 9.2;
				MTL_ENABLE_DEBUG_INFO = NO;
				SDKROOT = iphoneos;
				VALIDATE_PRODUCT = YES;
			};
			name = Release;
		};
		E4EF13241C69839A00128E10 /* Debug */ = {
			isa = XCBuildConfiguration;
			baseConfigurationReference = 829A8DEF58778077DB815553 /* Pods-Twitter.debug.xcconfig */;
			buildSettings = {
				ASSETCATALOG_COMPILER_APPICON_NAME = AppIcon;
				INFOPLIST_FILE = Twitter/Info.plist;
				LD_RUNPATH_SEARCH_PATHS = "$(inherited) @executable_path/Frameworks";
				PRODUCT_BUNDLE_IDENTIFIER = com.brianlee.Twitter;
				PRODUCT_NAME = "$(TARGET_NAME)";
			};
			name = Debug;
		};
		E4EF13251C69839A00128E10 /* Release */ = {
			isa = XCBuildConfiguration;
			baseConfigurationReference = DEFA21B344D850A888ABDA9D /* Pods-Twitter.release.xcconfig */;
			buildSettings = {
				ASSETCATALOG_COMPILER_APPICON_NAME = AppIcon;
				INFOPLIST_FILE = Twitter/Info.plist;
				LD_RUNPATH_SEARCH_PATHS = "$(inherited) @executable_path/Frameworks";
				PRODUCT_BUNDLE_IDENTIFIER = com.brianlee.Twitter;
				PRODUCT_NAME = "$(TARGET_NAME)";
			};
			name = Release;
		};
/* End XCBuildConfiguration section */

/* Begin XCConfigurationList section */
		E4EF130C1C69839900128E10 /* Build configuration list for PBXProject "Twitter" */ = {
			isa = XCConfigurationList;
			buildConfigurations = (
				E4EF13211C69839A00128E10 /* Debug */,
				E4EF13221C69839A00128E10 /* Release */,
			);
			defaultConfigurationIsVisible = 0;
			defaultConfigurationName = Release;
		};
		E4EF13231C69839A00128E10 /* Build configuration list for PBXNativeTarget "Twitter" */ = {
			isa = XCConfigurationList;
			buildConfigurations = (
				E4EF13241C69839A00128E10 /* Debug */,
				E4EF13251C69839A00128E10 /* Release */,
			);
			defaultConfigurationIsVisible = 0;
			defaultConfigurationName = Release;
		};
/* End XCConfigurationList section */
	};
	rootObject = E4EF13091C69839900128E10 /* Project object */;
}
